
Microsoft Visual Studio Solution File, Format Version 12.00
# Visual Studio Version 16
VisualStudioVersion = 16.0.32630.194
MinimumVisualStudioVersion = 10.0.40219.1
Project("{00D1A9C2-B5F0-4AF3-8072-F6C62B433612}") = "DeliveryBackOffice(PRO)", "DeliveryBackOffice(PRO)\DeliveryBackOffice(PRO).sqlproj", "{92052265-B069-4100-B42B-C95E5EE35DF2}"
EndProject
Global
	GlobalSection(SolutionConfigurationPlatforms) = preSolution
		Debug|Any CPU = Debug|Any CPU
		Release|Any CPU = Release|Any CPU
	EndGlobalSection
	GlobalSection(ProjectConfigurationPlatforms) = postSolution
		{92052265-B069-4100-B42B-C95E5EE35DF2}.Debug|Any CPU.ActiveCfg = Debug|Any CPU
		{92052265-B069-4100-B42B-C95E5EE35DF2}.Debug|Any CPU.Build.0 = Debug|Any CPU
		{92052265-B069-4100-B42B-C95E5EE35DF2}.Debug|Any CPU.Deploy.0 = Debug|Any CPU
		{92052265-B069-4100-B42B-C95E5EE35DF2}.Release|Any CPU.ActiveCfg = Release|Any CPU
		{92052265-B069-4100-B42B-C95E5EE35DF2}.Release|Any CPU.Build.0 = Release|Any CPU
		{92052265-B069-4100-B42B-C95E5EE35DF2}.Release|Any CPU.Deploy.0 = Release|Any CPU
	EndGlobalSection
	GlobalSection(SolutionProperties) = preSolution
		HideSolutionNode = FALSE
	EndGlobalSection
	GlobalSection(ExtensibilityGlobals) = postSolution
		SolutionGuid = {43663759-0AC5-4AE4-B34D-307D59ACE3EC}
	EndGlobalSection
EndGlobal
